
Microsoft Visual Studio Solution File, Format Version 12.00
# Visual Studio Version 16
VisualStudioVersion = 16.0.30523.141
MinimumVisualStudioVersion = 10.0.40219.1
Project("{FAE04EC0-301F-11D3-BF4B-00C04F79EFBC}") = "PopulationRegister", "PopulationRegister\PopulationRegister.csproj", "{4A677BBA-B0E4-4DEC-847A-F6AE96A376E6}"
EndProject
Global
	GlobalSection(SolutionConfigurationPlatforms) = preSolution
		Debug|Any CPU = Debug|Any CPU
		Release|Any CPU = Release|Any CPU
	EndGlobalSection
	GlobalSection(ProjectConfigurationPlatforms) = postSolution
		{4A677BBA-B0E4-4DEC-847A-F6AE96A376E6}.Debug|Any CPU.ActiveCfg = Debug|Any CPU
		{4A677BBA-B0E4-4DEC-847A-F6AE96A376E6}.Debug|Any CPU.Build.0 = Debug|Any CPU
		{4A677BBA-B0E4-4DEC-847A-F6AE96A376E6}.Release|Any CPU.ActiveCfg = Release|Any CPU
		{4A677BBA-B0E4-4DEC-847A-F6AE96A376E6}.Release|Any CPU.Build.0 = Release|Any CPU
	EndGlobalSection
	GlobalSection(SolutionProperties) = preSolution
		HideSolutionNode = FALSE
	EndGlobalSection
	GlobalSection(ExtensibilityGlobals) = postSolution
		SolutionGuid = {440E4FC3-605E-493E-99E6-91B7FC3FAECE}
	EndGlobalSection
EndGlobal
