
Microsoft Visual Studio Solution File, Format Version 12.00
# Visual Studio Version 16
VisualStudioVersion = 16.0.30523.141
MinimumVisualStudioVersion = 10.0.40219.1
Project("{9A19103F-16F7-4668-BE54-9A1E7A4F7556}") = "Server", "Server\Server.csproj", "{8D814151-E2D9-4FB0-BDB4-BBA1335961B0}"
EndProject
Project("{9A19103F-16F7-4668-BE54-9A1E7A4F7556}") = "Client", "Client\Client.csproj", "{0EF6C521-6AA2-4746-B0BF-06B72AFBA75B}"
EndProject
Project("{2150E333-8FDC-42A3-9474-1A3956D46DE8}") = "Solution Items", "Solution Items", "{EFFF09F8-C10D-4DAF-94B4-33A4E802CA77}"
	ProjectSection(SolutionItems) = preProject
		dark-souls-III.jpg = dark-souls-III.jpg
		mario.jpg = mario.jpg
		pop-sound-effect.wav = pop-sound-effect.wav
	EndProjectSection
EndProject
Global
	GlobalSection(SolutionConfigurationPlatforms) = preSolution
		Debug|Any CPU = Debug|Any CPU
		Release|Any CPU = Release|Any CPU
	EndGlobalSection
	GlobalSection(ProjectConfigurationPlatforms) = postSolution
		{8D814151-E2D9-4FB0-BDB4-BBA1335961B0}.Debug|Any CPU.ActiveCfg = Debug|Any CPU
		{8D814151-E2D9-4FB0-BDB4-BBA1335961B0}.Debug|Any CPU.Build.0 = Debug|Any CPU
		{8D814151-E2D9-4FB0-BDB4-BBA1335961B0}.Release|Any CPU.ActiveCfg = Release|Any CPU
		{8D814151-E2D9-4FB0-BDB4-BBA1335961B0}.Release|Any CPU.Build.0 = Release|Any CPU
		{0EF6C521-6AA2-4746-B0BF-06B72AFBA75B}.Debug|Any CPU.ActiveCfg = Debug|Any CPU
		{0EF6C521-6AA2-4746-B0BF-06B72AFBA75B}.Debug|Any CPU.Build.0 = Debug|Any CPU
		{0EF6C521-6AA2-4746-B0BF-06B72AFBA75B}.Release|Any CPU.ActiveCfg = Release|Any CPU
		{0EF6C521-6AA2-4746-B0BF-06B72AFBA75B}.Release|Any CPU.Build.0 = Release|Any CPU
	EndGlobalSection
	GlobalSection(SolutionProperties) = preSolution
		HideSolutionNode = FALSE
	EndGlobalSection
	GlobalSection(ExtensibilityGlobals) = postSolution
		SolutionGuid = {4F87E528-7E5B-4BEE-A53C-9947082ACD0A}
	EndGlobalSection
EndGlobal
